
Microsoft Visual Studio Solution File, Format Version 12.00
# Visual Studio 15
VisualStudioVersion = 15.0.27130.2027
MinimumVisualStudioVersion = 10.0.40219.1
Project("{FAE04EC0-301F-11D3-BF4B-00C04F79EFBC}") = "WebcamSettings", "WebcamSettings\WebcamSettings.csproj", "{518DBE20-471A-4E4D-A8D0-9FD2C3E91EFD}"
EndProject
Global
	GlobalSection(SolutionConfigurationPlatforms) = preSolution
		Debug|Any CPU = Debug|Any CPU
		Release|Any CPU = Release|Any CPU
	EndGlobalSection
	GlobalSection(ProjectConfigurationPlatforms) = postSolution
		{518DBE20-471A-4E4D-A8D0-9FD2C3E91EFD}.Debug|Any CPU.ActiveCfg = Debug|Any CPU
		{518DBE20-471A-4E4D-A8D0-9FD2C3E91EFD}.Debug|Any CPU.Build.0 = Debug|Any CPU
		{518DBE20-471A-4E4D-A8D0-9FD2C3E91EFD}.Release|Any CPU.ActiveCfg = Release|Any CPU
		{518DBE20-471A-4E4D-A8D0-9FD2C3E91EFD}.Release|Any CPU.Build.0 = Release|Any CPU
	EndGlobalSection
	GlobalSection(SolutionProperties) = preSolution
		HideSolutionNode = FALSE
	EndGlobalSection
	GlobalSection(ExtensibilityGlobals) = postSolution
		SolutionGuid = {FA3414F1-8F7B-4099-BDDB-31A98AA6613D}
	EndGlobalSection
EndGlobal
